
Microsoft Visual Studio Solution File, Format Version 12.00
# Visual Studio 15
VisualStudioVersion = 15.0.27703.2000
MinimumVisualStudioVersion = 10.0.40219.1
Project("{FAE04EC0-301F-11D3-BF4B-00C04F79EFBC}") = "ShortestWay", "ShortestWay\ShortestWay.csproj", "{298760A4-315E-461B-AF44-927BDC93197D}"
EndProject
Global
	GlobalSection(SolutionConfigurationPlatforms) = preSolution
		Debug|Any CPU = Debug|Any CPU
		Release|Any CPU = Release|Any CPU
	EndGlobalSection
	GlobalSection(ProjectConfigurationPlatforms) = postSolution
		{298760A4-315E-461B-AF44-927BDC93197D}.Debug|Any CPU.ActiveCfg = Debug|Any CPU
		{298760A4-315E-461B-AF44-927BDC93197D}.Debug|Any CPU.Build.0 = Debug|Any CPU
		{298760A4-315E-461B-AF44-927BDC93197D}.Release|Any CPU.ActiveCfg = Release|Any CPU
		{298760A4-315E-461B-AF44-927BDC93197D}.Release|Any CPU.Build.0 = Release|Any CPU
	EndGlobalSection
	GlobalSection(SolutionProperties) = preSolution
		HideSolutionNode = FALSE
	EndGlobalSection
	GlobalSection(ExtensibilityGlobals) = postSolution
		SolutionGuid = {70BEEB72-AAA5-4D2A-86EF-C414A4AC7053}
	EndGlobalSection
EndGlobal
